// !$*UTF8*$!
{
	archiveVersion = 1;
	classes = {
	};
	objectVersion = 56;
	objects = {

/* Begin PBXBuildFile section */
		5ABE24C42A5E4AC3007AFC12 /* PageFirst.swift in Sources */ = {isa = PBXBuildFile; fileRef = 5ABE24C32A5E4AC3007AFC12 /* PageFirst.swift */; };
		5ABE24C62A5E4AD1007AFC12 /* PageSecond.swift in Sources */ = {isa = PBXBuildFile; fileRef = 5ABE24C52A5E4AD1007AFC12 /* PageSecond.swift */; };
		5ABE24C82A5E4AEA007AFC12 /* PageThird.swift in Sources */ = {isa = PBXBuildFile; fileRef = 5ABE24C72A5E4AEA007AFC12 /* PageThird.swift */; };
		5ABE24CA2A5E4B05007AFC12 /* OnBoardingView.swift in Sources */ = {isa = PBXBuildFile; fileRef = 5ABE24C92A5E4B05007AFC12 /* OnBoardingView.swift */; };
		6113B8CF2A4E802A00557894 /* ActivityController2.swift in Sources */ = {isa = PBXBuildFile; fileRef = 6113B8CE2A4E802A00557894 /* ActivityController2.swift */; };
		6113B8D12A4E85DA00557894 /* ActivityData.json in Resources */ = {isa = PBXBuildFile; fileRef = 6113B8D02A4E85DA00557894 /* ActivityData.json */; };
		6178F9FF2A43FC6C00CBAB1D /* FormView.swift in Sources */ = {isa = PBXBuildFile; fileRef = 6178F9FE2A43FC6C00CBAB1D /* FormView.swift */; };
		61DFEE322A5BC95800919EF5 /* TaskModel.swift in Sources */ = {isa = PBXBuildFile; fileRef = 61DFEE312A5BC95800919EF5 /* TaskModel.swift */; };
		6D91A32B2A4587E30034B0A3 /* ActivityCategory.swift in Sources */ = {isa = PBXBuildFile; fileRef = 6D91A32A2A4587E30034B0A3 /* ActivityCategory.swift */; };
		6D91A32D2A49284C0034B0A3 /* ActivityList.swift in Sources */ = {isa = PBXBuildFile; fileRef = 6D91A32C2A49284C0034B0A3 /* ActivityList.swift */; };
		6D91A32F2A4941CC0034B0A3 /* ActivityDetail.swift in Sources */ = {isa = PBXBuildFile; fileRef = 6D91A32E2A4941CC0034B0A3 /* ActivityDetail.swift */; };
		6DC112842A5657CE008FD7F7 /* CategoryController.swift in Sources */ = {isa = PBXBuildFile; fileRef = 6DC112832A5657CE008FD7F7 /* CategoryController.swift */; };
		6DC1128E2A57BB27008FD7F7 /* CategoryData.json in Resources */ = {isa = PBXBuildFile; fileRef = 6DC112852A565893008FD7F7 /* CategoryData.json */; };
		8408DBF72A49288300EF7EC9 /* Dementia_Caregiver.xcdatamodeld in Sources */ = {isa = PBXBuildFile; fileRef = 8408DBF52A49288300EF7EC9 /* Dementia_Caregiver.xcdatamodeld */; };
		8408DC6F2A4BCE9800EF7EC9 /* ODDController.swift in Sources */ = {isa = PBXBuildFile; fileRef = 8408DC6E2A4BCE9800EF7EC9 /* ODDController.swift */; };
		8408DC712A4BCEA200EF7EC9 /* ScheduleController.swift in Sources */ = {isa = PBXBuildFile; fileRef = 8408DC702A4BCEA200EF7EC9 /* ScheduleController.swift */; };
		8408DC732A4BD0BF00EF7EC9 /* SpareTimeController.swift in Sources */ = {isa = PBXBuildFile; fileRef = 8408DC722A4BD0BF00EF7EC9 /* SpareTimeController.swift */; };
		841073A02A5AAD330070A905 /* TimeConverter.swift in Sources */ = {isa = PBXBuildFile; fileRef = 8410739F2A5AAD330070A905 /* TimeConverter.swift */; };
		84C73E372A4136BB00512DD9 /* Dementia_CaregiverApp.swift in Sources */ = {isa = PBXBuildFile; fileRef = 84C73E362A4136BB00512DD9 /* Dementia_CaregiverApp.swift */; };
		84C73E3B2A4136BC00512DD9 /* Assets.xcassets in Resources */ = {isa = PBXBuildFile; fileRef = 84C73E3A2A4136BC00512DD9 /* Assets.xcassets */; };
		84C73E3E2A4136BC00512DD9 /* Preview Assets.xcassets in Resources */ = {isa = PBXBuildFile; fileRef = 84C73E3D2A4136BC00512DD9 /* Preview Assets.xcassets */; };
		84C73E4E2A4136BD00512DD9 /* Dementia_CaregiverTests.swift in Sources */ = {isa = PBXBuildFile; fileRef = 84C73E4D2A4136BD00512DD9 /* Dementia_CaregiverTests.swift */; };
		84C73E582A4136BD00512DD9 /* Dementia_CaregiverUITests.swift in Sources */ = {isa = PBXBuildFile; fileRef = 84C73E572A4136BD00512DD9 /* Dementia_CaregiverUITests.swift */; };
		84C73E5A2A4136BD00512DD9 /* Dementia_CaregiverUITestsLaunchTests.swift in Sources */ = {isa = PBXBuildFile; fileRef = 84C73E592A4136BD00512DD9 /* Dementia_CaregiverUITestsLaunchTests.swift */; };
		84DB52452A5E5494008785C3 /* SplashScreenView.swift in Sources */ = {isa = PBXBuildFile; fileRef = 84DB52442A5E5494008785C3 /* SplashScreenView.swift */; };
		84E535E42A43E22E00FF119F /* SpareTimeView.swift in Sources */ = {isa = PBXBuildFile; fileRef = 84E535E32A43E22E00FF119F /* SpareTimeView.swift */; };
		A12F3C642A5D016F008163BD /* ScheduleEditView.swift in Sources */ = {isa = PBXBuildFile; fileRef = A12F3C632A5D016F008163BD /* ScheduleEditView.swift */; };
		A143F9FB2A4A89BB0020C592 /* DataManager.swift in Sources */ = {isa = PBXBuildFile; fileRef = A143F9FA2A4A89BB0020C592 /* DataManager.swift */; };
		A14964472A43CA4300C62D06 /* HomeView.swift in Sources */ = {isa = PBXBuildFile; fileRef = A14964462A43CA4300C62D06 /* HomeView.swift */; };
		A14964492A43CA5900C62D06 /* ScheduleList.swift in Sources */ = {isa = PBXBuildFile; fileRef = A14964482A43CA5900C62D06 /* ScheduleList.swift */; };
		A149644B2A43CA7100C62D06 /* ActivityHome.swift in Sources */ = {isa = PBXBuildFile; fileRef = A149644A2A43CA7100C62D06 /* ActivityHome.swift */; };
		A149644F2A43CB3100C62D06 /* ScheduleHome.swift in Sources */ = {isa = PBXBuildFile; fileRef = A149644E2A43CB3100C62D06 /* ScheduleHome.swift */; };
		A14964532A43EADE00C62D06 /* ScheduleAddView.swift in Sources */ = {isa = PBXBuildFile; fileRef = A14964522A43EADE00C62D06 /* ScheduleAddView.swift */; };
		A1C093092A444B800037429A /* ScheduleChooseActivityView.swift in Sources */ = {isa = PBXBuildFile; fileRef = A1C093082A444B800037429A /* ScheduleChooseActivityView.swift */; };
/* End PBXBuildFile section */

/* Begin PBXContainerItemProxy section */
		84C73E4A2A4136BD00512DD9 /* PBXContainerItemProxy */ = {
			isa = PBXContainerItemProxy;
			containerPortal = 84C73E2B2A4136BB00512DD9 /* Project object */;
			proxyType = 1;
			remoteGlobalIDString = 84C73E322A4136BB00512DD9;
			remoteInfo = "Dementia Caregiver";
		};
		84C73E542A4136BD00512DD9 /* PBXContainerItemProxy */ = {
			isa = PBXContainerItemProxy;
			containerPortal = 84C73E2B2A4136BB00512DD9 /* Project object */;
			proxyType = 1;
			remoteGlobalIDString = 84C73E322A4136BB00512DD9;
			remoteInfo = "Dementia Caregiver";
		};
/* End PBXContainerItemProxy section */

/* Begin PBXFileReference section */
		5ABE24C32A5E4AC3007AFC12 /* PageFirst.swift */ = {isa = PBXFileReference; lastKnownFileType = sourcecode.swift; path = PageFirst.swift; sourceTree = "<group>"; };
		5ABE24C52A5E4AD1007AFC12 /* PageSecond.swift */ = {isa = PBXFileReference; lastKnownFileType = sourcecode.swift; path = PageSecond.swift; sourceTree = "<group>"; };
		5ABE24C72A5E4AEA007AFC12 /* PageThird.swift */ = {isa = PBXFileReference; lastKnownFileType = sourcecode.swift; path = PageThird.swift; sourceTree = "<group>"; };
		5ABE24C92A5E4B05007AFC12 /* OnBoardingView.swift */ = {isa = PBXFileReference; lastKnownFileType = sourcecode.swift; path = OnBoardingView.swift; sourceTree = "<group>"; };
		6113B8CE2A4E802A00557894 /* ActivityController2.swift */ = {isa = PBXFileReference; lastKnownFileType = sourcecode.swift; path = ActivityController2.swift; sourceTree = "<group>"; };
		6113B8D02A4E85DA00557894 /* ActivityData.json */ = {isa = PBXFileReference; fileEncoding = 4; lastKnownFileType = text.json; path = ActivityData.json; sourceTree = "<group>"; };
		6178F9FE2A43FC6C00CBAB1D /* FormView.swift */ = {isa = PBXFileReference; lastKnownFileType = sourcecode.swift; path = FormView.swift; sourceTree = "<group>"; };
		61DFEE312A5BC95800919EF5 /* TaskModel.swift */ = {isa = PBXFileReference; lastKnownFileType = sourcecode.swift; path = TaskModel.swift; sourceTree = "<group>"; };
		6D91A32A2A4587E30034B0A3 /* ActivityCategory.swift */ = {isa = PBXFileReference; lastKnownFileType = sourcecode.swift; path = ActivityCategory.swift; sourceTree = "<group>"; };
		6D91A32C2A49284C0034B0A3 /* ActivityList.swift */ = {isa = PBXFileReference; lastKnownFileType = sourcecode.swift; path = ActivityList.swift; sourceTree = "<group>"; };
		6D91A32E2A4941CC0034B0A3 /* ActivityDetail.swift */ = {isa = PBXFileReference; lastKnownFileType = sourcecode.swift; path = ActivityDetail.swift; sourceTree = "<group>"; };
		6DC112832A5657CE008FD7F7 /* CategoryController.swift */ = {isa = PBXFileReference; lastKnownFileType = sourcecode.swift; path = CategoryController.swift; sourceTree = "<group>"; };
		6DC112852A565893008FD7F7 /* CategoryData.json */ = {isa = PBXFileReference; lastKnownFileType = text.json; path = CategoryData.json; sourceTree = "<group>"; };
		8408DBF62A49288300EF7EC9 /* Dementia_Caregiver.xcdatamodel */ = {isa = PBXFileReference; lastKnownFileType = wrapper.xcdatamodel; path = Dementia_Caregiver.xcdatamodel; sourceTree = "<group>"; };
		8408DC6E2A4BCE9800EF7EC9 /* ODDController.swift */ = {isa = PBXFileReference; lastKnownFileType = sourcecode.swift; path = ODDController.swift; sourceTree = "<group>"; };
		8408DC702A4BCEA200EF7EC9 /* ScheduleController.swift */ = {isa = PBXFileReference; lastKnownFileType = sourcecode.swift; path = ScheduleController.swift; sourceTree = "<group>"; };
		8408DC722A4BD0BF00EF7EC9 /* SpareTimeController.swift */ = {isa = PBXFileReference; lastKnownFileType = sourcecode.swift; path = SpareTimeController.swift; sourceTree = "<group>"; };
		8410739F2A5AAD330070A905 /* TimeConverter.swift */ = {isa = PBXFileReference; lastKnownFileType = sourcecode.swift; path = TimeConverter.swift; sourceTree = "<group>"; };
		84C73E362A4136BB00512DD9 /* Dementia_CaregiverApp.swift */ = {isa = PBXFileReference; lastKnownFileType = sourcecode.swift; path = Dementia_CaregiverApp.swift; sourceTree = "<group>"; };
		84C73E3A2A4136BC00512DD9 /* Assets.xcassets */ = {isa = PBXFileReference; lastKnownFileType = folder.assetcatalog; path = Assets.xcassets; sourceTree = "<group>"; };
		84C73E3D2A4136BC00512DD9 /* Preview Assets.xcassets */ = {isa = PBXFileReference; lastKnownFileType = folder.assetcatalog; path = "Preview Assets.xcassets"; sourceTree = "<group>"; };
		84C73E442A4136BC00512DD9 /* Info.plist */ = {isa = PBXFileReference; lastKnownFileType = text.plist.xml; path = Info.plist; sourceTree = "<group>"; };
		84C73E4D2A4136BD00512DD9 /* Dementia_CaregiverTests.swift */ = {isa = PBXFileReference; lastKnownFileType = sourcecode.swift; path = Dementia_CaregiverTests.swift; sourceTree = "<group>"; };
		84C73E572A4136BD00512DD9 /* Dementia_CaregiverUITests.swift */ = {isa = PBXFileReference; lastKnownFileType = sourcecode.swift; path = Dementia_CaregiverUITests.swift; sourceTree = "<group>"; };
		84C73E592A4136BD00512DD9 /* Dementia_CaregiverUITestsLaunchTests.swift */ = {isa = PBXFileReference; lastKnownFileType = sourcecode.swift; path = Dementia_CaregiverUITestsLaunchTests.swift; sourceTree = "<group>"; };
		84DB52442A5E5494008785C3 /* SplashScreenView.swift */ = {isa = PBXFileReference; lastKnownFileType = sourcecode.swift; path = SplashScreenView.swift; sourceTree = "<group>"; };
		84DB52462A5FA13D008785C3 /* Dementia Caregiver.app */ = {isa = PBXFileReference; explicitFileType = wrapper.application; includeInIndex = 0; path = "Dementia Caregiver.app"; sourceTree = BUILT_PRODUCTS_DIR; };
		84DB52472A5FA13D008785C3 /* Dementia CaregiverTests.xctest */ = {isa = PBXFileReference; explicitFileType = wrapper.cfbundle; includeInIndex = 0; path = "Dementia CaregiverTests.xctest"; sourceTree = BUILT_PRODUCTS_DIR; };
		84DB52482A5FA13D008785C3 /* Dementia CaregiverUITests.xctest */ = {isa = PBXFileReference; explicitFileType = wrapper.cfbundle; includeInIndex = 0; path = "Dementia CaregiverUITests.xctest"; sourceTree = BUILT_PRODUCTS_DIR; };
		84E535E32A43E22E00FF119F /* SpareTimeView.swift */ = {isa = PBXFileReference; lastKnownFileType = sourcecode.swift; path = SpareTimeView.swift; sourceTree = "<group>"; };
		A12F3C632A5D016F008163BD /* ScheduleEditView.swift */ = {isa = PBXFileReference; lastKnownFileType = sourcecode.swift; path = ScheduleEditView.swift; sourceTree = "<group>"; };
		A143F9FA2A4A89BB0020C592 /* DataManager.swift */ = {isa = PBXFileReference; lastKnownFileType = sourcecode.swift; path = DataManager.swift; sourceTree = "<group>"; };
		A14964462A43CA4300C62D06 /* HomeView.swift */ = {isa = PBXFileReference; lastKnownFileType = sourcecode.swift; path = HomeView.swift; sourceTree = "<group>"; };
		A14964482A43CA5900C62D06 /* ScheduleList.swift */ = {isa = PBXFileReference; lastKnownFileType = sourcecode.swift; path = ScheduleList.swift; sourceTree = "<group>"; };
		A149644A2A43CA7100C62D06 /* ActivityHome.swift */ = {isa = PBXFileReference; lastKnownFileType = sourcecode.swift; path = ActivityHome.swift; sourceTree = "<group>"; };
		A149644E2A43CB3100C62D06 /* ScheduleHome.swift */ = {isa = PBXFileReference; lastKnownFileType = sourcecode.swift; path = ScheduleHome.swift; sourceTree = "<group>"; };
		A14964522A43EADE00C62D06 /* ScheduleAddView.swift */ = {isa = PBXFileReference; lastKnownFileType = sourcecode.swift; path = ScheduleAddView.swift; sourceTree = "<group>"; };
		A1C093082A444B800037429A /* ScheduleChooseActivityView.swift */ = {isa = PBXFileReference; lastKnownFileType = sourcecode.swift; path = ScheduleChooseActivityView.swift; sourceTree = "<group>"; };
/* End PBXFileReference section */

/* Begin PBXFrameworksBuildPhase section */
		84C73E302A4136BB00512DD9 /* Frameworks */ = {
			isa = PBXFrameworksBuildPhase;
			buildActionMask = 2147483647;
			files = (
			);
			runOnlyForDeploymentPostprocessing = 0;
		};
		84C73E462A4136BD00512DD9 /* Frameworks */ = {
			isa = PBXFrameworksBuildPhase;
			buildActionMask = 2147483647;
			files = (
			);
			runOnlyForDeploymentPostprocessing = 0;
		};
		84C73E502A4136BD00512DD9 /* Frameworks */ = {
			isa = PBXFrameworksBuildPhase;
			buildActionMask = 2147483647;
			files = (
			);
			runOnlyForDeploymentPostprocessing = 0;
		};
/* End PBXFrameworksBuildPhase section */

/* Begin PBXGroup section */
		5ABE24C22A5E4AAD007AFC12 /* OnBoarding */ = {
			isa = PBXGroup;
			children = (
				5ABE24C52A5E4AD1007AFC12 /* PageSecond.swift */,
				5ABE24C32A5E4AC3007AFC12 /* PageFirst.swift */,
				5ABE24C72A5E4AEA007AFC12 /* PageThird.swift */,
				5ABE24C92A5E4B05007AFC12 /* OnBoardingView.swift */,
			);
			path = OnBoarding;
			sourceTree = "<group>";
		};
		8408DC6B2A4BCE7C00EF7EC9 /* Controller */ = {
			isa = PBXGroup;
			children = (
				8408DC6E2A4BCE9800EF7EC9 /* ODDController.swift */,
				8408DC702A4BCEA200EF7EC9 /* ScheduleController.swift */,
				8408DC722A4BD0BF00EF7EC9 /* SpareTimeController.swift */,
				6113B8CE2A4E802A00557894 /* ActivityController2.swift */,
				6DC112832A5657CE008FD7F7 /* CategoryController.swift */,
			);
			path = Controller;
			sourceTree = "<group>";
		};
		8410739D2A57AA0D0070A905 /* Helper */ = {
			isa = PBXGroup;
			children = (
				A143F9FA2A4A89BB0020C592 /* DataManager.swift */,
				8410739F2A5AAD330070A905 /* TimeConverter.swift */,
			);
			path = Helper;
			sourceTree = "<group>";
		};
		8410739E2A57AA530070A905 /* Service */ = {
			isa = PBXGroup;
			children = (
				8408DBF52A49288300EF7EC9 /* Dementia_Caregiver.xcdatamodeld */,
			);
			path = Service;
			sourceTree = "<group>";
		};
		84C73E2A2A4136BB00512DD9 = {
			isa = PBXGroup;
			children = (
				84C73E352A4136BB00512DD9 /* Dementia Caregiver */,
				84C73E4C2A4136BD00512DD9 /* Dementia CaregiverTests */,
				84C73E562A4136BD00512DD9 /* Dementia CaregiverUITests */,
				84DB52462A5FA13D008785C3 /* Dementia Caregiver.app */,
				84DB52472A5FA13D008785C3 /* Dementia CaregiverTests.xctest */,
				84DB52482A5FA13D008785C3 /* Dementia CaregiverUITests.xctest */,
			);
			sourceTree = "<group>";
		};
		84C73E352A4136BB00512DD9 /* Dementia Caregiver */ = {
			isa = PBXGroup;
			children = (
				84C73E362A4136BB00512DD9 /* Dementia_CaregiverApp.swift */,
				8410739D2A57AA0D0070A905 /* Helper */,
				8408DC6B2A4BCE7C00EF7EC9 /* Controller */,
				A14964452A43C9D300C62D06 /* Model */,
				84C73E662A41446400512DD9 /* View */,
				8410739E2A57AA530070A905 /* Service */,
				84C73E3A2A4136BC00512DD9 /* Assets.xcassets */,
				84C73E442A4136BC00512DD9 /* Info.plist */,
				84C73E3C2A4136BC00512DD9 /* Preview Content */,
			);
			path = "Dementia Caregiver";
			sourceTree = "<group>";
		};
		84C73E3C2A4136BC00512DD9 /* Preview Content */ = {
			isa = PBXGroup;
			children = (
				84C73E3D2A4136BC00512DD9 /* Preview Assets.xcassets */,
			);
			path = "Preview Content";
			sourceTree = "<group>";
		};
		84C73E4C2A4136BD00512DD9 /* Dementia CaregiverTests */ = {
			isa = PBXGroup;
			children = (
				84C73E4D2A4136BD00512DD9 /* Dementia_CaregiverTests.swift */,
			);
			path = "Dementia CaregiverTests";
			sourceTree = "<group>";
		};
		84C73E562A4136BD00512DD9 /* Dementia CaregiverUITests */ = {
			isa = PBXGroup;
			children = (
				84C73E572A4136BD00512DD9 /* Dementia_CaregiverUITests.swift */,
				84C73E592A4136BD00512DD9 /* Dementia_CaregiverUITestsLaunchTests.swift */,
			);
			path = "Dementia CaregiverUITests";
			sourceTree = "<group>";
		};
		84C73E662A41446400512DD9 /* View */ = {
			isa = PBXGroup;
			children = (
				84DB52442A5E5494008785C3 /* SplashScreenView.swift */,
				6178F9FE2A43FC6C00CBAB1D /* FormView.swift */,
				84E535E32A43E22E00FF119F /* SpareTimeView.swift */,
				A14964462A43CA4300C62D06 /* HomeView.swift */,
				5ABE24C22A5E4AAD007AFC12 /* OnBoarding */,
				A149644D2A43CA8100C62D06 /* Schedule */,
				A149644C2A43CA7700C62D06 /* Activity */,
			);
			path = View;
			sourceTree = "<group>";
		};
		A14964452A43C9D300C62D06 /* Model */ = {
			isa = PBXGroup;
			children = (
				6113B8D02A4E85DA00557894 /* ActivityData.json */,
				6DC112852A565893008FD7F7 /* CategoryData.json */,
				61DFEE312A5BC95800919EF5 /* TaskModel.swift */,
			);
			path = Model;
			sourceTree = "<group>";
		};
		A149644C2A43CA7700C62D06 /* Activity */ = {
			isa = PBXGroup;
			children = (
				A149644A2A43CA7100C62D06 /* ActivityHome.swift */,
				6D91A32A2A4587E30034B0A3 /* ActivityCategory.swift */,
				6D91A32C2A49284C0034B0A3 /* ActivityList.swift */,
				6D91A32E2A4941CC0034B0A3 /* ActivityDetail.swift */,
			);
			path = Activity;
			sourceTree = "<group>";
		};
		A149644D2A43CA8100C62D06 /* Schedule */ = {
			isa = PBXGroup;
			children = (
				A149644E2A43CB3100C62D06 /* ScheduleHome.swift */,
				A14964482A43CA5900C62D06 /* ScheduleList.swift */,
				A14964522A43EADE00C62D06 /* ScheduleAddView.swift */,
				A12F3C632A5D016F008163BD /* ScheduleEditView.swift */,
				A1C093082A444B800037429A /* ScheduleChooseActivityView.swift */,
			);
			path = Schedule;
			sourceTree = "<group>";
		};
/* End PBXGroup section */

/* Begin PBXNativeTarget section */
		84C73E322A4136BB00512DD9 /* Dementia Caregiver */ = {
			isa = PBXNativeTarget;
			buildConfigurationList = 84C73E5D2A4136BD00512DD9 /* Build configuration list for PBXNativeTarget "Dementia Caregiver" */;
			buildPhases = (
				84C73E2F2A4136BB00512DD9 /* Sources */,
				84C73E302A4136BB00512DD9 /* Frameworks */,
				84C73E312A4136BB00512DD9 /* Resources */,
			);
			buildRules = (
			);
			dependencies = (
			);
			name = "Dementia Caregiver";
			productName = "Dementia Caregiver";
			productReference = 84DB52462A5FA13D008785C3 /* Dementia Caregiver.app */;
			productType = "com.apple.product-type.application";
		};
		84C73E482A4136BD00512DD9 /* Dementia CaregiverTests */ = {
			isa = PBXNativeTarget;
			buildConfigurationList = 84C73E602A4136BD00512DD9 /* Build configuration list for PBXNativeTarget "Dementia CaregiverTests" */;
			buildPhases = (
				84C73E452A4136BD00512DD9 /* Sources */,
				84C73E462A4136BD00512DD9 /* Frameworks */,
				84C73E472A4136BD00512DD9 /* Resources */,
			);
			buildRules = (
			);
			dependencies = (
				84C73E4B2A4136BD00512DD9 /* PBXTargetDependency */,
			);
			name = "Dementia CaregiverTests";
			productName = "Dementia CaregiverTests";
			productReference = 84DB52472A5FA13D008785C3 /* Dementia CaregiverTests.xctest */;
			productType = "com.apple.product-type.bundle.unit-test";
		};
		84C73E522A4136BD00512DD9 /* Dementia CaregiverUITests */ = {
			isa = PBXNativeTarget;
			buildConfigurationList = 84C73E632A4136BD00512DD9 /* Build configuration list for PBXNativeTarget "Dementia CaregiverUITests" */;
			buildPhases = (
				84C73E4F2A4136BD00512DD9 /* Sources */,
				84C73E502A4136BD00512DD9 /* Frameworks */,
				84C73E512A4136BD00512DD9 /* Resources */,
			);
			buildRules = (
			);
			dependencies = (
				84C73E552A4136BD00512DD9 /* PBXTargetDependency */,
			);
			name = "Dementia CaregiverUITests";
			productName = "Dementia CaregiverUITests";
			productReference = 84DB52482A5FA13D008785C3 /* Dementia CaregiverUITests.xctest */;
			productType = "com.apple.product-type.bundle.ui-testing";
		};
/* End PBXNativeTarget section */

/* Begin PBXProject section */
		84C73E2B2A4136BB00512DD9 /* Project object */ = {
			isa = PBXProject;
			attributes = {
				BuildIndependentTargetsInParallel = 1;
				LastSwiftUpdateCheck = 1420;
				LastUpgradeCheck = 1420;
				TargetAttributes = {
					84C73E322A4136BB00512DD9 = {
						CreatedOnToolsVersion = 14.2;
					};
					84C73E482A4136BD00512DD9 = {
						CreatedOnToolsVersion = 14.2;
						TestTargetID = 84C73E322A4136BB00512DD9;
					};
					84C73E522A4136BD00512DD9 = {
						CreatedOnToolsVersion = 14.2;
						TestTargetID = 84C73E322A4136BB00512DD9;
					};
				};
			};
			buildConfigurationList = 84C73E2E2A4136BB00512DD9 /* Build configuration list for PBXProject "Dementia Caregiver" */;
			compatibilityVersion = "Xcode 14.0";
			developmentRegion = en;
			hasScannedForEncodings = 0;
			knownRegions = (
				en,
				Base,
			);
			mainGroup = 84C73E2A2A4136BB00512DD9;
			productRefGroup = 84C73E2A2A4136BB00512DD9;
			projectDirPath = "";
			projectRoot = "";
			targets = (
				84C73E322A4136BB00512DD9 /* Dementia Caregiver */,
				84C73E482A4136BD00512DD9 /* Dementia CaregiverTests */,
				84C73E522A4136BD00512DD9 /* Dementia CaregiverUITests */,
			);
		};
/* End PBXProject section */

/* Begin PBXResourcesBuildPhase section */
		84C73E312A4136BB00512DD9 /* Resources */ = {
			isa = PBXResourcesBuildPhase;
			buildActionMask = 2147483647;
			files = (
				6DC1128E2A57BB27008FD7F7 /* CategoryData.json in Resources */,
				6113B8D12A4E85DA00557894 /* ActivityData.json in Resources */,
				84C73E3E2A4136BC00512DD9 /* Preview Assets.xcassets in Resources */,
				84C73E3B2A4136BC00512DD9 /* Assets.xcassets in Resources */,
			);
			runOnlyForDeploymentPostprocessing = 0;
		};
		84C73E472A4136BD00512DD9 /* Resources */ = {
			isa = PBXResourcesBuildPhase;
			buildActionMask = 2147483647;
			files = (
			);
			runOnlyForDeploymentPostprocessing = 0;
		};
		84C73E512A4136BD00512DD9 /* Resources */ = {
			isa = PBXResourcesBuildPhase;
			buildActionMask = 2147483647;
			files = (
			);
			runOnlyForDeploymentPostprocessing = 0;
		};
/* End PBXResourcesBuildPhase section */

/* Begin PBXSourcesBuildPhase section */
		84C73E2F2A4136BB00512DD9 /* Sources */ = {
			isa = PBXSourcesBuildPhase;
			buildActionMask = 2147483647;
			files = (
				6178F9FF2A43FC6C00CBAB1D /* FormView.swift in Sources */,
				61DFEE322A5BC95800919EF5 /* TaskModel.swift in Sources */,
				84DB52452A5E5494008785C3 /* SplashScreenView.swift in Sources */,
				A12F3C642A5D016F008163BD /* ScheduleEditView.swift in Sources */,
				84E535E42A43E22E00FF119F /* SpareTimeView.swift in Sources */,
				6DC112842A5657CE008FD7F7 /* CategoryController.swift in Sources */,
				8408DC6F2A4BCE9800EF7EC9 /* ODDController.swift in Sources */,
				A14964532A43EADE00C62D06 /* ScheduleAddView.swift in Sources */,
				A1C093092A444B800037429A /* ScheduleChooseActivityView.swift in Sources */,
				5ABE24CA2A5E4B05007AFC12 /* OnBoardingView.swift in Sources */,
				8408DBF72A49288300EF7EC9 /* Dementia_Caregiver.xcdatamodeld in Sources */,
				8408DC732A4BD0BF00EF7EC9 /* SpareTimeController.swift in Sources */,
				A14964492A43CA5900C62D06 /* ScheduleList.swift in Sources */,
				8408DC712A4BCEA200EF7EC9 /* ScheduleController.swift in Sources */,
				5ABE24C62A5E4AD1007AFC12 /* PageSecond.swift in Sources */,
				6D91A32D2A49284C0034B0A3 /* ActivityList.swift in Sources */,
				5ABE24C82A5E4AEA007AFC12 /* PageThird.swift in Sources */,
				6113B8CF2A4E802A00557894 /* ActivityController2.swift in Sources */,
				A149644B2A43CA7100C62D06 /* ActivityHome.swift in Sources */,
				5ABE24C42A5E4AC3007AFC12 /* PageFirst.swift in Sources */,
				A14964472A43CA4300C62D06 /* HomeView.swift in Sources */,
				A143F9FB2A4A89BB0020C592 /* DataManager.swift in Sources */,
				6D91A32F2A4941CC0034B0A3 /* ActivityDetail.swift in Sources */,
				6D91A32B2A4587E30034B0A3 /* ActivityCategory.swift in Sources */,
				841073A02A5AAD330070A905 /* TimeConverter.swift in Sources */,
				84C73E372A4136BB00512DD9 /* Dementia_CaregiverApp.swift in Sources */,
				A149644F2A43CB3100C62D06 /* ScheduleHome.swift in Sources */,
			);
			runOnlyForDeploymentPostprocessing = 0;
		};
		84C73E452A4136BD00512DD9 /* Sources */ = {
			isa = PBXSourcesBuildPhase;
			buildActionMask = 2147483647;
			files = (
				84C73E4E2A4136BD00512DD9 /* Dementia_CaregiverTests.swift in Sources */,
			);
			runOnlyForDeploymentPostprocessing = 0;
		};
		84C73E4F2A4136BD00512DD9 /* Sources */ = {
			isa = PBXSourcesBuildPhase;
			buildActionMask = 2147483647;
			files = (
				84C73E5A2A4136BD00512DD9 /* Dementia_CaregiverUITestsLaunchTests.swift in Sources */,
				84C73E582A4136BD00512DD9 /* Dementia_CaregiverUITests.swift in Sources */,
			);
			runOnlyForDeploymentPostprocessing = 0;
		};
/* End PBXSourcesBuildPhase section */

/* Begin PBXTargetDependency section */
		84C73E4B2A4136BD00512DD9 /* PBXTargetDependency */ = {
			isa = PBXTargetDependency;
			target = 84C73E322A4136BB00512DD9 /* Dementia Caregiver */;
			targetProxy = 84C73E4A2A4136BD00512DD9 /* PBXContainerItemProxy */;
		};
		84C73E552A4136BD00512DD9 /* PBXTargetDependency */ = {
			isa = PBXTargetDependency;
			target = 84C73E322A4136BB00512DD9 /* Dementia Caregiver */;
			targetProxy = 84C73E542A4136BD00512DD9 /* PBXContainerItemProxy */;
		};
/* End PBXTargetDependency section */

/* Begin XCBuildConfiguration section */
		84C73E5B2A4136BD00512DD9 /* Debug */ = {
			isa = XCBuildConfiguration;
			buildSettings = {
				ALWAYS_SEARCH_USER_PATHS = NO;
				CLANG_ANALYZER_NONNULL = YES;
				CLANG_ANALYZER_NUMBER_OBJECT_CONVERSION = YES_AGGRESSIVE;
				CLANG_CXX_LANGUAGE_STANDARD = "gnu++20";
				CLANG_ENABLE_MODULES = YES;
				CLANG_ENABLE_OBJC_ARC = YES;
				CLANG_ENABLE_OBJC_WEAK = YES;
				CLANG_WARN_BLOCK_CAPTURE_AUTORELEASING = YES;
				CLANG_WARN_BOOL_CONVERSION = YES;
				CLANG_WARN_COMMA = YES;
				CLANG_WARN_CONSTANT_CONVERSION = YES;
				CLANG_WARN_DEPRECATED_OBJC_IMPLEMENTATIONS = YES;
				CLANG_WARN_DIRECT_OBJC_ISA_USAGE = YES_ERROR;
				CLANG_WARN_DOCUMENTATION_COMMENTS = YES;
				CLANG_WARN_EMPTY_BODY = YES;
				CLANG_WARN_ENUM_CONVERSION = YES;
				CLANG_WARN_INFINITE_RECURSION = YES;
				CLANG_WARN_INT_CONVERSION = YES;
				CLANG_WARN_NON_LITERAL_NULL_CONVERSION = YES;
				CLANG_WARN_OBJC_IMPLICIT_RETAIN_SELF = YES;
				CLANG_WARN_OBJC_LITERAL_CONVERSION = YES;
				CLANG_WARN_OBJC_ROOT_CLASS = YES_ERROR;
				CLANG_WARN_QUOTED_INCLUDE_IN_FRAMEWORK_HEADER = YES;
				CLANG_WARN_RANGE_LOOP_ANALYSIS = YES;
				CLANG_WARN_STRICT_PROTOTYPES = YES;
				CLANG_WARN_SUSPICIOUS_MOVE = YES;
				CLANG_WARN_UNGUARDED_AVAILABILITY = YES_AGGRESSIVE;
				CLANG_WARN_UNREACHABLE_CODE = YES;
				CLANG_WARN__DUPLICATE_METHOD_MATCH = YES;
				COPY_PHASE_STRIP = NO;
				DEBUG_INFORMATION_FORMAT = dwarf;
				ENABLE_STRICT_OBJC_MSGSEND = YES;
				ENABLE_TESTABILITY = YES;
				GCC_C_LANGUAGE_STANDARD = gnu11;
				GCC_DYNAMIC_NO_PIC = NO;
				GCC_NO_COMMON_BLOCKS = YES;
				GCC_OPTIMIZATION_LEVEL = 0;
				GCC_PREPROCESSOR_DEFINITIONS = (
					"DEBUG=1",
					"$(inherited)",
				);
				GCC_WARN_64_TO_32_BIT_CONVERSION = YES;
				GCC_WARN_ABOUT_RETURN_TYPE = YES_ERROR;
				GCC_WARN_UNDECLARED_SELECTOR = YES;
				GCC_WARN_UNINITIALIZED_AUTOS = YES_AGGRESSIVE;
				GCC_WARN_UNUSED_FUNCTION = YES;
				GCC_WARN_UNUSED_VARIABLE = YES;
				IPHONEOS_DEPLOYMENT_TARGET = 16.2;
				MTL_ENABLE_DEBUG_INFO = INCLUDE_SOURCE;
				MTL_FAST_MATH = YES;
				ONLY_ACTIVE_ARCH = YES;
				SDKROOT = iphoneos;
				SWIFT_ACTIVE_COMPILATION_CONDITIONS = DEBUG;
				SWIFT_OPTIMIZATION_LEVEL = "-Onone";
			};
			name = Debug;
		};
		84C73E5C2A4136BD00512DD9 /* Release */ = {
			isa = XCBuildConfiguration;
			buildSettings = {
				ALWAYS_SEARCH_USER_PATHS = NO;
				CLANG_ANALYZER_NONNULL = YES;
				CLANG_ANALYZER_NUMBER_OBJECT_CONVERSION = YES_AGGRESSIVE;
				CLANG_CXX_LANGUAGE_STANDARD = "gnu++20";
				CLANG_ENABLE_MODULES = YES;
				CLANG_ENABLE_OBJC_ARC = YES;
				CLANG_ENABLE_OBJC_WEAK = YES;
				CLANG_WARN_BLOCK_CAPTURE_AUTORELEASING = YES;
				CLANG_WARN_BOOL_CONVERSION = YES;
				CLANG_WARN_COMMA = YES;
				CLANG_WARN_CONSTANT_CONVERSION = YES;
				CLANG_WARN_DEPRECATED_OBJC_IMPLEMENTATIONS = YES;
				CLANG_WARN_DIRECT_OBJC_ISA_USAGE = YES_ERROR;
				CLANG_WARN_DOCUMENTATION_COMMENTS = YES;
				CLANG_WARN_EMPTY_BODY = YES;
				CLANG_WARN_ENUM_CONVERSION = YES;
				CLANG_WARN_INFINITE_RECURSION = YES;
				CLANG_WARN_INT_CONVERSION = YES;
				CLANG_WARN_NON_LITERAL_NULL_CONVERSION = YES;
				CLANG_WARN_OBJC_IMPLICIT_RETAIN_SELF = YES;
				CLANG_WARN_OBJC_LITERAL_CONVERSION = YES;
				CLANG_WARN_OBJC_ROOT_CLASS = YES_ERROR;
				CLANG_WARN_QUOTED_INCLUDE_IN_FRAMEWORK_HEADER = YES;
				CLANG_WARN_RANGE_LOOP_ANALYSIS = YES;
				CLANG_WARN_STRICT_PROTOTYPES = YES;
				CLANG_WARN_SUSPICIOUS_MOVE = YES;
				CLANG_WARN_UNGUARDED_AVAILABILITY = YES_AGGRESSIVE;
				CLANG_WARN_UNREACHABLE_CODE = YES;
				CLANG_WARN__DUPLICATE_METHOD_MATCH = YES;
				COPY_PHASE_STRIP = NO;
				DEBUG_INFORMATION_FORMAT = "dwarf-with-dsym";
				ENABLE_NS_ASSERTIONS = NO;
				ENABLE_STRICT_OBJC_MSGSEND = YES;
				GCC_C_LANGUAGE_STANDARD = gnu11;
				GCC_NO_COMMON_BLOCKS = YES;
				GCC_WARN_64_TO_32_BIT_CONVERSION = YES;
				GCC_WARN_ABOUT_RETURN_TYPE = YES_ERROR;
				GCC_WARN_UNDECLARED_SELECTOR = YES;
				GCC_WARN_UNINITIALIZED_AUTOS = YES_AGGRESSIVE;
				GCC_WARN_UNUSED_FUNCTION = YES;
				GCC_WARN_UNUSED_VARIABLE = YES;
				IPHONEOS_DEPLOYMENT_TARGET = 16.2;
				MTL_ENABLE_DEBUG_INFO = NO;
				MTL_FAST_MATH = YES;
				SDKROOT = iphoneos;
				SWIFT_COMPILATION_MODE = wholemodule;
				SWIFT_OPTIMIZATION_LEVEL = "-O";
				VALIDATE_PRODUCT = YES;
			};
			name = Release;
		};
		84C73E5E2A4136BD00512DD9 /* Debug */ = {
			isa = XCBuildConfiguration;
			buildSettings = {
				ASSETCATALOG_COMPILER_APPICON_NAME = AppIcon;
				ASSETCATALOG_COMPILER_GLOBAL_ACCENT_COLOR_NAME = AccentColor;
				CODE_SIGN_STYLE = Automatic;
				CURRENT_PROJECT_VERSION = 1;
				DEVELOPMENT_ASSET_PATHS = "\"Dementia Caregiver/Preview Content\"";
				DEVELOPMENT_TEAM = 2KW4763FM3;
				ENABLE_PREVIEWS = YES;
				GENERATE_INFOPLIST_FILE = YES;
				INFOPLIST_KEY_CFBundleDisplayName = Dailytia;
				INFOPLIST_KEY_UIApplicationSceneManifest_Generation = YES;
				INFOPLIST_KEY_UIApplicationSupportsIndirectInputEvents = YES;
				INFOPLIST_KEY_UILaunchScreen_Generation = YES;
				INFOPLIST_KEY_UISupportedInterfaceOrientations_iPad = "UIInterfaceOrientationPortrait UIInterfaceOrientationPortraitUpsideDown UIInterfaceOrientationLandscapeLeft UIInterfaceOrientationLandscapeRight";
				INFOPLIST_KEY_UISupportedInterfaceOrientations_iPhone = "UIInterfaceOrientationPortrait UIInterfaceOrientationLandscapeLeft UIInterfaceOrientationLandscapeRight";
				LD_RUNPATH_SEARCH_PATHS = (
					"$(inherited)",
					"@executable_path/Frameworks",
				);
				MARKETING_VERSION = 1.0;
				PRODUCT_BUNDLE_IDENTIFIER = "ADA.MC2.Dementia-Caregiver";
				PRODUCT_NAME = "$(TARGET_NAME)";
				SWIFT_EMIT_LOC_STRINGS = YES;
				SWIFT_VERSION = 5.0;
				TARGETED_DEVICE_FAMILY = "1,2";
			};
			name = Debug;
		};
		84C73E5F2A4136BD00512DD9 /* Release */ = {
			isa = XCBuildConfiguration;
			buildSettings = {
				ASSETCATALOG_COMPILER_APPICON_NAME = AppIcon;
				ASSETCATALOG_COMPILER_GLOBAL_ACCENT_COLOR_NAME = AccentColor;
				CODE_SIGN_STYLE = Automatic;
				CURRENT_PROJECT_VERSION = 1;
				DEVELOPMENT_ASSET_PATHS = "\"Dementia Caregiver/Preview Content\"";
				DEVELOPMENT_TEAM = 2KW4763FM3;
				ENABLE_PREVIEWS = YES;
				GENERATE_INFOPLIST_FILE = YES;
				INFOPLIST_KEY_CFBundleDisplayName = Dailytia;
				INFOPLIST_KEY_UIApplicationSceneManifest_Generation = YES;
				INFOPLIST_KEY_UIApplicationSupportsIndirectInputEvents = YES;
				INFOPLIST_KEY_UILaunchScreen_Generation = YES;
				INFOPLIST_KEY_UISupportedInterfaceOrientations_iPad = "UIInterfaceOrientationPortrait UIInterfaceOrientationPortraitUpsideDown UIInterfaceOrientationLandscapeLeft UIInterfaceOrientationLandscapeRight";
				INFOPLIST_KEY_UISupportedInterfaceOrientations_iPhone = "UIInterfaceOrientationPortrait UIInterfaceOrientationLandscapeLeft UIInterfaceOrientationLandscapeRight";
				LD_RUNPATH_SEARCH_PATHS = (
					"$(inherited)",
					"@executable_path/Frameworks",
				);
				MARKETING_VERSION = 1.0;
				PRODUCT_BUNDLE_IDENTIFIER = "ADA.MC2.Dementia-Caregiver";
				PRODUCT_NAME = "$(TARGET_NAME)";
				SWIFT_EMIT_LOC_STRINGS = YES;
				SWIFT_VERSION = 5.0;
				TARGETED_DEVICE_FAMILY = "1,2";
			};
			name = Release;
		};
		84C73E612A4136BD00512DD9 /* Debug */ = {
			isa = XCBuildConfiguration;
			buildSettings = {
				ALWAYS_EMBED_SWIFT_STANDARD_LIBRARIES = YES;
				BUNDLE_LOADER = "$(TEST_HOST)";
				CODE_SIGN_STYLE = Automatic;
				CURRENT_PROJECT_VERSION = 1;
				GENERATE_INFOPLIST_FILE = YES;
				IPHONEOS_DEPLOYMENT_TARGET = 16.2;
				MARKETING_VERSION = 1.0;
				PRODUCT_BUNDLE_IDENTIFIER = "ADA.MC2.Dementia-CaregiverTests";
				PRODUCT_NAME = "$(TARGET_NAME)";
				SWIFT_EMIT_LOC_STRINGS = NO;
				SWIFT_VERSION = 5.0;
				TARGETED_DEVICE_FAMILY = "1,2";
				TEST_HOST = "$(BUILT_PRODUCTS_DIR)/Dementia Caregiver.app/$(BUNDLE_EXECUTABLE_FOLDER_PATH)/Dementia Caregiver";
			};
			name = Debug;
		};
		84C73E622A4136BD00512DD9 /* Release */ = {
			isa = XCBuildConfiguration;
			buildSettings = {
				ALWAYS_EMBED_SWIFT_STANDARD_LIBRARIES = YES;
				BUNDLE_LOADER = "$(TEST_HOST)";
				CODE_SIGN_STYLE = Automatic;
				CURRENT_PROJECT_VERSION = 1;
				GENERATE_INFOPLIST_FILE = YES;
				IPHONEOS_DEPLOYMENT_TARGET = 16.2;
				MARKETING_VERSION = 1.0;
				PRODUCT_BUNDLE_IDENTIFIER = "ADA.MC2.Dementia-CaregiverTests";
				PRODUCT_NAME = "$(TARGET_NAME)";
				SWIFT_EMIT_LOC_STRINGS = NO;
				SWIFT_VERSION = 5.0;
				TARGETED_DEVICE_FAMILY = "1,2";
				TEST_HOST = "$(BUILT_PRODUCTS_DIR)/Dementia Caregiver.app/$(BUNDLE_EXECUTABLE_FOLDER_PATH)/Dementia Caregiver";
			};
			name = Release;
		};
		84C73E642A4136BD00512DD9 /* Debug */ = {
			isa = XCBuildConfiguration;
			buildSettings = {
				ALWAYS_EMBED_SWIFT_STANDARD_LIBRARIES = YES;
				CODE_SIGN_STYLE = Automatic;
				CURRENT_PROJECT_VERSION = 1;
				GENERATE_INFOPLIST_FILE = YES;
				MARKETING_VERSION = 1.0;
				PRODUCT_BUNDLE_IDENTIFIER = "ADA.MC2.Dementia-CaregiverUITests";
				PRODUCT_NAME = "$(TARGET_NAME)";
				SWIFT_EMIT_LOC_STRINGS = NO;
				SWIFT_VERSION = 5.0;
				TARGETED_DEVICE_FAMILY = "1,2";
				TEST_TARGET_NAME = "Dementia Caregiver";
			};
			name = Debug;
		};
		84C73E652A4136BD00512DD9 /* Release */ = {
			isa = XCBuildConfiguration;
			buildSettings = {
				ALWAYS_EMBED_SWIFT_STANDARD_LIBRARIES = YES;
				CODE_SIGN_STYLE = Automatic;
				CURRENT_PROJECT_VERSION = 1;
				GENERATE_INFOPLIST_FILE = YES;
				MARKETING_VERSION = 1.0;
				PRODUCT_BUNDLE_IDENTIFIER = "ADA.MC2.Dementia-CaregiverUITests";
				PRODUCT_NAME = "$(TARGET_NAME)";
				SWIFT_EMIT_LOC_STRINGS = NO;
				SWIFT_VERSION = 5.0;
				TARGETED_DEVICE_FAMILY = "1,2";
				TEST_TARGET_NAME = "Dementia Caregiver";
			};
			name = Release;
		};
/* End XCBuildConfiguration section */

/* Begin XCConfigurationList section */
		84C73E2E2A4136BB00512DD9 /* Build configuration list for PBXProject "Dementia Caregiver" */ = {
			isa = XCConfigurationList;
			buildConfigurations = (
				84C73E5B2A4136BD00512DD9 /* Debug */,
				84C73E5C2A4136BD00512DD9 /* Release */,
			);
			defaultConfigurationIsVisible = 0;
			defaultConfigurationName = Release;
		};
		84C73E5D2A4136BD00512DD9 /* Build configuration list for PBXNativeTarget "Dementia Caregiver" */ = {
			isa = XCConfigurationList;
			buildConfigurations = (
				84C73E5E2A4136BD00512DD9 /* Debug */,
				84C73E5F2A4136BD00512DD9 /* Release */,
			);
			defaultConfigurationIsVisible = 0;
			defaultConfigurationName = Release;
		};
		84C73E602A4136BD00512DD9 /* Build configuration list for PBXNativeTarget "Dementia CaregiverTests" */ = {
			isa = XCConfigurationList;
			buildConfigurations = (
				84C73E612A4136BD00512DD9 /* Debug */,
				84C73E622A4136BD00512DD9 /* Release */,
			);
			defaultConfigurationIsVisible = 0;
			defaultConfigurationName = Release;
		};
		84C73E632A4136BD00512DD9 /* Build configuration list for PBXNativeTarget "Dementia CaregiverUITests" */ = {
			isa = XCConfigurationList;
			buildConfigurations = (
				84C73E642A4136BD00512DD9 /* Debug */,
				84C73E652A4136BD00512DD9 /* Release */,
			);
			defaultConfigurationIsVisible = 0;
			defaultConfigurationName = Release;
		};
/* End XCConfigurationList section */

/* Begin XCVersionGroup section */
		8408DBF52A49288300EF7EC9 /* Dementia_Caregiver.xcdatamodeld */ = {
			isa = XCVersionGroup;
			children = (
				8408DBF62A49288300EF7EC9 /* Dementia_Caregiver.xcdatamodel */,
			);
			currentVersion = 8408DBF62A49288300EF7EC9 /* Dementia_Caregiver.xcdatamodel */;
			path = Dementia_Caregiver.xcdatamodeld;
			sourceTree = "<group>";
			versionGroupType = wrapper.xcdatamodel;
		};
/* End XCVersionGroup section */
	};
	rootObject = 84C73E2B2A4136BB00512DD9 /* Project object */;
}
